
Microsoft Visual Studio Solution File, Format Version 12.00
# Visual Studio Version 17
VisualStudioVersion = 17.9.34728.123
MinimumVisualStudioVersion = 10.0.40219.1
Project("{FAE04EC0-301F-11D3-BF4B-00C04F79EFBC}") = "WebApplication1", "WebApplication1.csproj", "{FE7F8B40-3E13-4B78-93E6-7BCEDD42425C}"
EndProject
Global
	GlobalSection(SolutionConfigurationPlatforms) = preSolution
		Debug|Any CPU = Debug|Any CPU
		Release|Any CPU = Release|Any CPU
	EndGlobalSection
	GlobalSection(ProjectConfigurationPlatforms) = postSolution
		{FE7F8B40-3E13-4B78-93E6-7BCEDD42425C}.Debug|Any CPU.ActiveCfg = Debug|Any CPU
		{FE7F8B40-3E13-4B78-93E6-7BCEDD42425C}.Debug|Any CPU.Build.0 = Debug|Any CPU
		{FE7F8B40-3E13-4B78-93E6-7BCEDD42425C}.Release|Any CPU.ActiveCfg = Release|Any CPU
		{FE7F8B40-3E13-4B78-93E6-7BCEDD42425C}.Release|Any CPU.Build.0 = Release|Any CPU
	EndGlobalSection
	GlobalSection(SolutionProperties) = preSolution
		HideSolutionNode = FALSE
	EndGlobalSection
	GlobalSection(ExtensibilityGlobals) = postSolution
		SolutionGuid = {C9847525-DD3E-4D60-A923-0008A055B757}
	EndGlobalSection
EndGlobal
